
Microsoft Visual Studio Solution File, Format Version 12.00
# Visual Studio Version 16
VisualStudioVersion = 16.0.28803.156
MinimumVisualStudioVersion = 10.0.40219.1
Project("{FAE04EC0-301F-11D3-BF4B-00C04F79EFBC}") = "WinNetMeter", "WinNetMeter\WinNetMeter.csproj", "{320D7488-F517-443C-B134-6B7AB9A4A725}"
	ProjectSection(ProjectDependencies) = postProject
		{8EFAE16E-DD5F-49EA-9C82-6C4A2C6E01E0} = {8EFAE16E-DD5F-49EA-9C82-6C4A2C6E01E0}
		{BA5BBEDE-037D-4518-BFB4-C95C003585FB} = {BA5BBEDE-037D-4518-BFB4-C95C003585FB}
	EndProjectSection
EndProject
Project("{FAE04EC0-301F-11D3-BF4B-00C04F79EFBC}") = "WinNetMeter.Shell", "WinNetMeter.Shell\WinNetMeter.Shell.csproj", "{BA5BBEDE-037D-4518-BFB4-C95C003585FB}"
EndProject
Project("{FAE04EC0-301F-11D3-BF4B-00C04F79EFBC}") = "Updater", "Updater\Updater.csproj", "{8EFAE16E-DD5F-49EA-9C82-6C4A2C6E01E0}"
EndProject
Project("{FAE04EC0-301F-11D3-BF4B-00C04F79EFBC}") = "WinNetMeter.Core", "WinNetMeter.Core\WinNetMeter.Core.csproj", "{DE5E5F74-6F2F-444F-A376-0CC32E9509CE}"
EndProject
Global
	GlobalSection(SolutionConfigurationPlatforms) = preSolution
		Debug|Any CPU = Debug|Any CPU
		Debug|x64 = Debug|x64
		Release|Any CPU = Release|Any CPU
		Release|x64 = Release|x64
	EndGlobalSection
	GlobalSection(ProjectConfigurationPlatforms) = postSolution
		{320D7488-F517-443C-B134-6B7AB9A4A725}.Debug|Any CPU.ActiveCfg = Debug|Any CPU
		{320D7488-F517-443C-B134-6B7AB9A4A725}.Debug|Any CPU.Build.0 = Debug|Any CPU
		{320D7488-F517-443C-B134-6B7AB9A4A725}.Debug|x64.ActiveCfg = Debug|x64
		{320D7488-F517-443C-B134-6B7AB9A4A725}.Debug|x64.Build.0 = Debug|x64
		{320D7488-F517-443C-B134-6B7AB9A4A725}.Release|Any CPU.ActiveCfg = Release|Any CPU
		{320D7488-F517-443C-B134-6B7AB9A4A725}.Release|Any CPU.Build.0 = Release|Any CPU
		{320D7488-F517-443C-B134-6B7AB9A4A725}.Release|x64.ActiveCfg = Release|x64
		{320D7488-F517-443C-B134-6B7AB9A4A725}.Release|x64.Build.0 = Release|x64
		{BA5BBEDE-037D-4518-BFB4-C95C003585FB}.Debug|Any CPU.ActiveCfg = Debug|Any CPU
		{BA5BBEDE-037D-4518-BFB4-C95C003585FB}.Debug|Any CPU.Build.0 = Debug|Any CPU
		{BA5BBEDE-037D-4518-BFB4-C95C003585FB}.Debug|x64.ActiveCfg = Debug|x64
		{BA5BBEDE-037D-4518-BFB4-C95C003585FB}.Debug|x64.Build.0 = Debug|x64
		{BA5BBEDE-037D-4518-BFB4-C95C003585FB}.Release|Any CPU.ActiveCfg = Release|Any CPU
		{BA5BBEDE-037D-4518-BFB4-C95C003585FB}.Release|Any CPU.Build.0 = Release|Any CPU
		{BA5BBEDE-037D-4518-BFB4-C95C003585FB}.Release|x64.ActiveCfg = Release|x64
		{BA5BBEDE-037D-4518-BFB4-C95C003585FB}.Release|x64.Build.0 = Release|x64
		{8EFAE16E-DD5F-49EA-9C82-6C4A2C6E01E0}.Debug|Any CPU.ActiveCfg = Debug|Any CPU
		{8EFAE16E-DD5F-49EA-9C82-6C4A2C6E01E0}.Debug|Any CPU.Build.0 = Debug|Any CPU
		{8EFAE16E-DD5F-49EA-9C82-6C4A2C6E01E0}.Debug|x64.ActiveCfg = Debug|Any CPU
		{8EFAE16E-DD5F-49EA-9C82-6C4A2C6E01E0}.Debug|x64.Build.0 = Debug|Any CPU
		{8EFAE16E-DD5F-49EA-9C82-6C4A2C6E01E0}.Release|Any CPU.ActiveCfg = Release|Any CPU
		{8EFAE16E-DD5F-49EA-9C82-6C4A2C6E01E0}.Release|Any CPU.Build.0 = Release|Any CPU
		{8EFAE16E-DD5F-49EA-9C82-6C4A2C6E01E0}.Release|x64.ActiveCfg = Release|Any CPU
		{8EFAE16E-DD5F-49EA-9C82-6C4A2C6E01E0}.Release|x64.Build.0 = Release|Any CPU
		{DE5E5F74-6F2F-444F-A376-0CC32E9509CE}.Debug|Any CPU.ActiveCfg = Debug|Any CPU
		{DE5E5F74-6F2F-444F-A376-0CC32E9509CE}.Debug|Any CPU.Build.0 = Debug|Any CPU
		{DE5E5F74-6F2F-444F-A376-0CC32E9509CE}.Debug|x64.ActiveCfg = Debug|Any CPU
		{DE5E5F74-6F2F-444F-A376-0CC32E9509CE}.Debug|x64.Build.0 = Debug|Any CPU
		{DE5E5F74-6F2F-444F-A376-0CC32E9509CE}.Release|Any CPU.ActiveCfg = Release|Any CPU
		{DE5E5F74-6F2F-444F-A376-0CC32E9509CE}.Release|Any CPU.Build.0 = Release|Any CPU
		{DE5E5F74-6F2F-444F-A376-0CC32E9509CE}.Release|x64.ActiveCfg = Release|Any CPU
		{DE5E5F74-6F2F-444F-A376-0CC32E9509CE}.Release|x64.Build.0 = Release|Any CPU
	EndGlobalSection
	GlobalSection(SolutionProperties) = preSolution
		HideSolutionNode = FALSE
	EndGlobalSection
	GlobalSection(ExtensibilityGlobals) = postSolution
		SolutionGuid = {49D12945-36E2-4E22-A3F2-1E01633EFD25}
	EndGlobalSection
EndGlobal
